
Microsoft Visual Studio Solution File, Format Version 12.00
# Visual Studio Version 16
VisualStudioVersion = 16.0.30621.155
MinimumVisualStudioVersion = 10.0.40219.1
Project("{8BC9CEB8-8B4A-11D0-8D11-00A0C91BC942}") = "lab24_n4", "lab24_n4\lab24_n4.vcxproj", "{7F72B8FA-57F5-4C41-9CA0-51750E532FF0}"
EndProject
Global
	GlobalSection(SolutionConfigurationPlatforms) = preSolution
		Debug|x64 = Debug|x64
		Debug|x86 = Debug|x86
		Release|x64 = Release|x64
		Release|x86 = Release|x86
	EndGlobalSection
	GlobalSection(ProjectConfigurationPlatforms) = postSolution
		{7F72B8FA-57F5-4C41-9CA0-51750E532FF0}.Debug|x64.ActiveCfg = Debug|x64
		{7F72B8FA-57F5-4C41-9CA0-51750E532FF0}.Debug|x64.Build.0 = Debug|x64
		{7F72B8FA-57F5-4C41-9CA0-51750E532FF0}.Debug|x86.ActiveCfg = Debug|Win32
		{7F72B8FA-57F5-4C41-9CA0-51750E532FF0}.Debug|x86.Build.0 = Debug|Win32
		{7F72B8FA-57F5-4C41-9CA0-51750E532FF0}.Release|x64.ActiveCfg = Release|x64
		{7F72B8FA-57F5-4C41-9CA0-51750E532FF0}.Release|x64.Build.0 = Release|x64
		{7F72B8FA-57F5-4C41-9CA0-51750E532FF0}.Release|x86.ActiveCfg = Release|Win32
		{7F72B8FA-57F5-4C41-9CA0-51750E532FF0}.Release|x86.Build.0 = Release|Win32
	EndGlobalSection
	GlobalSection(SolutionProperties) = preSolution
		HideSolutionNode = FALSE
	EndGlobalSection
	GlobalSection(ExtensibilityGlobals) = postSolution
		SolutionGuid = {C0909821-C688-4A5B-A279-E0E0F8DC7CA3}
	EndGlobalSection
EndGlobal
