
Microsoft Visual Studio Solution File, Format Version 12.00
# Visual Studio Version 16
VisualStudioVersion = 16.0.30621.155
MinimumVisualStudioVersion = 10.0.40219.1
Project("{8BC9CEB8-8B4A-11D0-8D11-00A0C91BC942}") = "lab25_n1", "lab25_n1\lab25_n1.vcxproj", "{CF69EC86-E9BD-435F-9497-92F070B3A97B}"
EndProject
Global
	GlobalSection(SolutionConfigurationPlatforms) = preSolution
		Debug|x64 = Debug|x64
		Debug|x86 = Debug|x86
		Release|x64 = Release|x64
		Release|x86 = Release|x86
	EndGlobalSection
	GlobalSection(ProjectConfigurationPlatforms) = postSolution
		{CF69EC86-E9BD-435F-9497-92F070B3A97B}.Debug|x64.ActiveCfg = Debug|x64
		{CF69EC86-E9BD-435F-9497-92F070B3A97B}.Debug|x64.Build.0 = Debug|x64
		{CF69EC86-E9BD-435F-9497-92F070B3A97B}.Debug|x86.ActiveCfg = Debug|Win32
		{CF69EC86-E9BD-435F-9497-92F070B3A97B}.Debug|x86.Build.0 = Debug|Win32
		{CF69EC86-E9BD-435F-9497-92F070B3A97B}.Release|x64.ActiveCfg = Release|x64
		{CF69EC86-E9BD-435F-9497-92F070B3A97B}.Release|x64.Build.0 = Release|x64
		{CF69EC86-E9BD-435F-9497-92F070B3A97B}.Release|x86.ActiveCfg = Release|Win32
		{CF69EC86-E9BD-435F-9497-92F070B3A97B}.Release|x86.Build.0 = Release|Win32
	EndGlobalSection
	GlobalSection(SolutionProperties) = preSolution
		HideSolutionNode = FALSE
	EndGlobalSection
	GlobalSection(ExtensibilityGlobals) = postSolution
		SolutionGuid = {0AD04367-42D5-4855-B3EE-EF3E497041EE}
	EndGlobalSection
EndGlobal
