
Microsoft Visual Studio Solution File, Format Version 12.00
# Visual Studio Version 16
VisualStudioVersion = 16.0.30621.155
MinimumVisualStudioVersion = 10.0.40219.1
Project("{8BC9CEB8-8B4A-11D0-8D11-00A0C91BC942}") = "lab22_n4", "lab22_n4\lab22_n4.vcxproj", "{4D317B88-38C8-4D61-B26E-B1E0B6CA6388}"
EndProject
Global
	GlobalSection(SolutionConfigurationPlatforms) = preSolution
		Debug|x64 = Debug|x64
		Debug|x86 = Debug|x86
		Release|x64 = Release|x64
		Release|x86 = Release|x86
	EndGlobalSection
	GlobalSection(ProjectConfigurationPlatforms) = postSolution
		{4D317B88-38C8-4D61-B26E-B1E0B6CA6388}.Debug|x64.ActiveCfg = Debug|x64
		{4D317B88-38C8-4D61-B26E-B1E0B6CA6388}.Debug|x64.Build.0 = Debug|x64
		{4D317B88-38C8-4D61-B26E-B1E0B6CA6388}.Debug|x86.ActiveCfg = Debug|Win32
		{4D317B88-38C8-4D61-B26E-B1E0B6CA6388}.Debug|x86.Build.0 = Debug|Win32
		{4D317B88-38C8-4D61-B26E-B1E0B6CA6388}.Release|x64.ActiveCfg = Release|x64
		{4D317B88-38C8-4D61-B26E-B1E0B6CA6388}.Release|x64.Build.0 = Release|x64
		{4D317B88-38C8-4D61-B26E-B1E0B6CA6388}.Release|x86.ActiveCfg = Release|Win32
		{4D317B88-38C8-4D61-B26E-B1E0B6CA6388}.Release|x86.Build.0 = Release|Win32
	EndGlobalSection
	GlobalSection(SolutionProperties) = preSolution
		HideSolutionNode = FALSE
	EndGlobalSection
	GlobalSection(ExtensibilityGlobals) = postSolution
		SolutionGuid = {CFAAFBAD-984F-463C-9F8D-69891A650421}
	EndGlobalSection
EndGlobal
